
Microsoft Visual Studio Solution File, Format Version 12.00
# Visual Studio Version 17
VisualStudioVersion = 17.2.32616.157
MinimumVisualStudioVersion = 10.0.40219.1
Project("{F184B08F-C81C-45F6-A57F-5ABD9991F28F}") = "MainApp", "MainApp\MainApp.vbproj", "{6CADFCCB-027A-4ACB-AA0D-44B42BCA2C74}"
	ProjectSection(ProjectDependencies) = postProject
		{BC617890-B314-4120-BA6D-6AE16AF53821} = {BC617890-B314-4120-BA6D-6AE16AF53821}
	EndProjectSection
EndProject
Project("{F184B08F-C81C-45F6-A57F-5ABD9991F28F}") = "BusinessLogic", "BusinessLogic\BusinessLogic.vbproj", "{124E370C-0C3D-45A6-86F2-8EEFC4276B6A}"
	ProjectSection(ProjectDependencies) = postProject
		{BC617890-B314-4120-BA6D-6AE16AF53821} = {BC617890-B314-4120-BA6D-6AE16AF53821}
	EndProjectSection
EndProject
Project("{F184B08F-C81C-45F6-A57F-5ABD9991F28F}") = "AcadInterop2021", "AcadInterop2021\AcadInterop2021.vbproj", "{35F24F06-0F6E-4685-A07A-B53CC12BE4F0}"
	ProjectSection(ProjectDependencies) = postProject
		{BC617890-B314-4120-BA6D-6AE16AF53821} = {BC617890-B314-4120-BA6D-6AE16AF53821}
	EndProjectSection
EndProject
Project("{F184B08F-C81C-45F6-A57F-5ABD9991F28F}") = "CadDevTools", "CadDevTools\CadDevTools.vbproj", "{13E57F0E-ECA8-4667-BD80-5A17F91CE5A4}"
	ProjectSection(ProjectDependencies) = postProject
		{BC617890-B314-4120-BA6D-6AE16AF53821} = {BC617890-B314-4120-BA6D-6AE16AF53821}
	EndProjectSection
EndProject
Project("{F184B08F-C81C-45F6-A57F-5ABD9991F28F}") = "buildThisFirst", "buildThisFirst\buildThisFirst.vbproj", "{BC617890-B314-4120-BA6D-6AE16AF53821}"
EndProject
Global
	GlobalSection(SolutionConfigurationPlatforms) = preSolution
		C++ Debug-You only need to build this once|Any CPU = C++ Debug-You only need to build this once|Any CPU
		C++ Debug-You only need to build this once|x64 = C++ Debug-You only need to build this once|x64
		C++ Debug-You only need to build this once|x86 = C++ Debug-You only need to build this once|x86
		C++ Release-You only need to build this once|Any CPU = C++ Release-You only need to build this once|Any CPU
		C++ Release-You only need to build this once|x64 = C++ Release-You only need to build this once|x64
		C++ Release-You only need to build this once|x86 = C++ Release-You only need to build this once|x86
		Debug|Any CPU = Debug|Any CPU
		Debug|x64 = Debug|x64
		Debug|x86 = Debug|x86
		Release|Any CPU = Release|Any CPU
		Release|x64 = Release|x64
		Release|x86 = Release|x86
	EndGlobalSection
	GlobalSection(ProjectConfigurationPlatforms) = postSolution
		{6CADFCCB-027A-4ACB-AA0D-44B42BCA2C74}.C++ Debug-You only need to build this once|Any CPU.ActiveCfg = Debug|Any CPU
		{6CADFCCB-027A-4ACB-AA0D-44B42BCA2C74}.C++ Debug-You only need to build this once|Any CPU.Build.0 = Debug|Any CPU
		{6CADFCCB-027A-4ACB-AA0D-44B42BCA2C74}.C++ Debug-You only need to build this once|x64.ActiveCfg = Debug|x64
		{6CADFCCB-027A-4ACB-AA0D-44B42BCA2C74}.C++ Debug-You only need to build this once|x86.ActiveCfg = Debug|Any CPU
		{6CADFCCB-027A-4ACB-AA0D-44B42BCA2C74}.C++ Debug-You only need to build this once|x86.Build.0 = Debug|Any CPU
		{6CADFCCB-027A-4ACB-AA0D-44B42BCA2C74}.C++ Release-You only need to build this once|Any CPU.ActiveCfg = Debug|Any CPU
		{6CADFCCB-027A-4ACB-AA0D-44B42BCA2C74}.C++ Release-You only need to build this once|Any CPU.Build.0 = Debug|Any CPU
		{6CADFCCB-027A-4ACB-AA0D-44B42BCA2C74}.C++ Release-You only need to build this once|x64.ActiveCfg = Release|x64
		{6CADFCCB-027A-4ACB-AA0D-44B42BCA2C74}.C++ Release-You only need to build this once|x86.ActiveCfg = Debug|Any CPU
		{6CADFCCB-027A-4ACB-AA0D-44B42BCA2C74}.C++ Release-You only need to build this once|x86.Build.0 = Debug|Any CPU
		{6CADFCCB-027A-4ACB-AA0D-44B42BCA2C74}.Debug|Any CPU.ActiveCfg = Debug|Any CPU
		{6CADFCCB-027A-4ACB-AA0D-44B42BCA2C74}.Debug|Any CPU.Build.0 = Debug|Any CPU
		{6CADFCCB-027A-4ACB-AA0D-44B42BCA2C74}.Debug|x64.ActiveCfg = Debug|x64
		{6CADFCCB-027A-4ACB-AA0D-44B42BCA2C74}.Debug|x64.Build.0 = Debug|x64
		{6CADFCCB-027A-4ACB-AA0D-44B42BCA2C74}.Debug|x86.ActiveCfg = Debug|Any CPU
		{6CADFCCB-027A-4ACB-AA0D-44B42BCA2C74}.Debug|x86.Build.0 = Debug|Any CPU
		{6CADFCCB-027A-4ACB-AA0D-44B42BCA2C74}.Release|Any CPU.ActiveCfg = Release|Any CPU
		{6CADFCCB-027A-4ACB-AA0D-44B42BCA2C74}.Release|Any CPU.Build.0 = Release|Any CPU
		{6CADFCCB-027A-4ACB-AA0D-44B42BCA2C74}.Release|x64.ActiveCfg = Release|x64
		{6CADFCCB-027A-4ACB-AA0D-44B42BCA2C74}.Release|x64.Build.0 = Release|x64
		{6CADFCCB-027A-4ACB-AA0D-44B42BCA2C74}.Release|x86.ActiveCfg = Release|Any CPU
		{6CADFCCB-027A-4ACB-AA0D-44B42BCA2C74}.Release|x86.Build.0 = Release|Any CPU
		{124E370C-0C3D-45A6-86F2-8EEFC4276B6A}.C++ Debug-You only need to build this once|Any CPU.ActiveCfg = Debug|Any CPU
		{124E370C-0C3D-45A6-86F2-8EEFC4276B6A}.C++ Debug-You only need to build this once|Any CPU.Build.0 = Debug|Any CPU
		{124E370C-0C3D-45A6-86F2-8EEFC4276B6A}.C++ Debug-You only need to build this once|x64.ActiveCfg = Debug|x64
		{124E370C-0C3D-45A6-86F2-8EEFC4276B6A}.C++ Debug-You only need to build this once|x86.ActiveCfg = Debug|Any CPU
		{124E370C-0C3D-45A6-86F2-8EEFC4276B6A}.C++ Debug-You only need to build this once|x86.Build.0 = Debug|Any CPU
		{124E370C-0C3D-45A6-86F2-8EEFC4276B6A}.C++ Release-You only need to build this once|Any CPU.ActiveCfg = Debug|Any CPU
		{124E370C-0C3D-45A6-86F2-8EEFC4276B6A}.C++ Release-You only need to build this once|Any CPU.Build.0 = Debug|Any CPU
		{124E370C-0C3D-45A6-86F2-8EEFC4276B6A}.C++ Release-You only need to build this once|x64.ActiveCfg = Release|x64
		{124E370C-0C3D-45A6-86F2-8EEFC4276B6A}.C++ Release-You only need to build this once|x86.ActiveCfg = Debug|Any CPU
		{124E370C-0C3D-45A6-86F2-8EEFC4276B6A}.C++ Release-You only need to build this once|x86.Build.0 = Debug|Any CPU
		{124E370C-0C3D-45A6-86F2-8EEFC4276B6A}.Debug|Any CPU.ActiveCfg = Debug|Any CPU
		{124E370C-0C3D-45A6-86F2-8EEFC4276B6A}.Debug|Any CPU.Build.0 = Debug|Any CPU
		{124E370C-0C3D-45A6-86F2-8EEFC4276B6A}.Debug|x64.ActiveCfg = Debug|x64
		{124E370C-0C3D-45A6-86F2-8EEFC4276B6A}.Debug|x64.Build.0 = Debug|x64
		{124E370C-0C3D-45A6-86F2-8EEFC4276B6A}.Debug|x86.ActiveCfg = Debug|Any CPU
		{124E370C-0C3D-45A6-86F2-8EEFC4276B6A}.Debug|x86.Build.0 = Debug|Any CPU
		{124E370C-0C3D-45A6-86F2-8EEFC4276B6A}.Release|Any CPU.ActiveCfg = Release|Any CPU
		{124E370C-0C3D-45A6-86F2-8EEFC4276B6A}.Release|Any CPU.Build.0 = Release|Any CPU
		{124E370C-0C3D-45A6-86F2-8EEFC4276B6A}.Release|x64.ActiveCfg = Release|x64
		{124E370C-0C3D-45A6-86F2-8EEFC4276B6A}.Release|x64.Build.0 = Release|x64
		{124E370C-0C3D-45A6-86F2-8EEFC4276B6A}.Release|x86.ActiveCfg = Release|Any CPU
		{124E370C-0C3D-45A6-86F2-8EEFC4276B6A}.Release|x86.Build.0 = Release|Any CPU
		{35F24F06-0F6E-4685-A07A-B53CC12BE4F0}.C++ Debug-You only need to build this once|Any CPU.ActiveCfg = Debug|Any CPU
		{35F24F06-0F6E-4685-A07A-B53CC12BE4F0}.C++ Debug-You only need to build this once|Any CPU.Build.0 = Debug|Any CPU
		{35F24F06-0F6E-4685-A07A-B53CC12BE4F0}.C++ Debug-You only need to build this once|x64.ActiveCfg = Debug|x64
		{35F24F06-0F6E-4685-A07A-B53CC12BE4F0}.C++ Debug-You only need to build this once|x64.Build.0 = Debug|x64
		{35F24F06-0F6E-4685-A07A-B53CC12BE4F0}.C++ Debug-You only need to build this once|x86.ActiveCfg = Debug|x86
		{35F24F06-0F6E-4685-A07A-B53CC12BE4F0}.C++ Debug-You only need to build this once|x86.Build.0 = Debug|x86
		{35F24F06-0F6E-4685-A07A-B53CC12BE4F0}.C++ Release-You only need to build this once|Any CPU.ActiveCfg = Release|Any CPU
		{35F24F06-0F6E-4685-A07A-B53CC12BE4F0}.C++ Release-You only need to build this once|Any CPU.Build.0 = Release|Any CPU
		{35F24F06-0F6E-4685-A07A-B53CC12BE4F0}.C++ Release-You only need to build this once|x64.ActiveCfg = Release|x64
		{35F24F06-0F6E-4685-A07A-B53CC12BE4F0}.C++ Release-You only need to build this once|x64.Build.0 = Release|x64
		{35F24F06-0F6E-4685-A07A-B53CC12BE4F0}.C++ Release-You only need to build this once|x86.ActiveCfg = Release|x86
		{35F24F06-0F6E-4685-A07A-B53CC12BE4F0}.C++ Release-You only need to build this once|x86.Build.0 = Release|x86
		{35F24F06-0F6E-4685-A07A-B53CC12BE4F0}.Debug|Any CPU.ActiveCfg = Debug|Any CPU
		{35F24F06-0F6E-4685-A07A-B53CC12BE4F0}.Debug|Any CPU.Build.0 = Debug|Any CPU
		{35F24F06-0F6E-4685-A07A-B53CC12BE4F0}.Debug|x64.ActiveCfg = Debug|x64
		{35F24F06-0F6E-4685-A07A-B53CC12BE4F0}.Debug|x64.Build.0 = Debug|x64
		{35F24F06-0F6E-4685-A07A-B53CC12BE4F0}.Debug|x86.ActiveCfg = Debug|x86
		{35F24F06-0F6E-4685-A07A-B53CC12BE4F0}.Debug|x86.Build.0 = Debug|x86
		{35F24F06-0F6E-4685-A07A-B53CC12BE4F0}.Release|Any CPU.ActiveCfg = Release|Any CPU
		{35F24F06-0F6E-4685-A07A-B53CC12BE4F0}.Release|Any CPU.Build.0 = Release|Any CPU
		{35F24F06-0F6E-4685-A07A-B53CC12BE4F0}.Release|x64.ActiveCfg = Release|x64
		{35F24F06-0F6E-4685-A07A-B53CC12BE4F0}.Release|x64.Build.0 = Release|x64
		{35F24F06-0F6E-4685-A07A-B53CC12BE4F0}.Release|x86.ActiveCfg = Release|x86
		{35F24F06-0F6E-4685-A07A-B53CC12BE4F0}.Release|x86.Build.0 = Release|x86
		{13E57F0E-ECA8-4667-BD80-5A17F91CE5A4}.C++ Debug-You only need to build this once|Any CPU.ActiveCfg = Debug|Any CPU
		{13E57F0E-ECA8-4667-BD80-5A17F91CE5A4}.C++ Debug-You only need to build this once|Any CPU.Build.0 = Debug|Any CPU
		{13E57F0E-ECA8-4667-BD80-5A17F91CE5A4}.C++ Debug-You only need to build this once|x64.ActiveCfg = Debug|x64
		{13E57F0E-ECA8-4667-BD80-5A17F91CE5A4}.C++ Debug-You only need to build this once|x64.Build.0 = Debug|x64
		{13E57F0E-ECA8-4667-BD80-5A17F91CE5A4}.C++ Debug-You only need to build this once|x86.ActiveCfg = Debug|Any CPU
		{13E57F0E-ECA8-4667-BD80-5A17F91CE5A4}.C++ Debug-You only need to build this once|x86.Build.0 = Debug|Any CPU
		{13E57F0E-ECA8-4667-BD80-5A17F91CE5A4}.C++ Release-You only need to build this once|Any CPU.ActiveCfg = Release|Any CPU
		{13E57F0E-ECA8-4667-BD80-5A17F91CE5A4}.C++ Release-You only need to build this once|Any CPU.Build.0 = Release|Any CPU
		{13E57F0E-ECA8-4667-BD80-5A17F91CE5A4}.C++ Release-You only need to build this once|x64.ActiveCfg = Release|x64
		{13E57F0E-ECA8-4667-BD80-5A17F91CE5A4}.C++ Release-You only need to build this once|x64.Build.0 = Release|x64
		{13E57F0E-ECA8-4667-BD80-5A17F91CE5A4}.C++ Release-You only need to build this once|x86.ActiveCfg = Release|Any CPU
		{13E57F0E-ECA8-4667-BD80-5A17F91CE5A4}.C++ Release-You only need to build this once|x86.Build.0 = Release|Any CPU
		{13E57F0E-ECA8-4667-BD80-5A17F91CE5A4}.Debug|Any CPU.ActiveCfg = Debug|Any CPU
		{13E57F0E-ECA8-4667-BD80-5A17F91CE5A4}.Debug|Any CPU.Build.0 = Debug|Any CPU
		{13E57F0E-ECA8-4667-BD80-5A17F91CE5A4}.Debug|x64.ActiveCfg = Debug|x64
		{13E57F0E-ECA8-4667-BD80-5A17F91CE5A4}.Debug|x64.Build.0 = Debug|x64
		{13E57F0E-ECA8-4667-BD80-5A17F91CE5A4}.Debug|x86.ActiveCfg = Debug|Any CPU
		{13E57F0E-ECA8-4667-BD80-5A17F91CE5A4}.Debug|x86.Build.0 = Debug|Any CPU
		{13E57F0E-ECA8-4667-BD80-5A17F91CE5A4}.Release|Any CPU.ActiveCfg = Release|Any CPU
		{13E57F0E-ECA8-4667-BD80-5A17F91CE5A4}.Release|Any CPU.Build.0 = Release|Any CPU
		{13E57F0E-ECA8-4667-BD80-5A17F91CE5A4}.Release|x64.ActiveCfg = Release|x64
		{13E57F0E-ECA8-4667-BD80-5A17F91CE5A4}.Release|x64.Build.0 = Release|x64
		{13E57F0E-ECA8-4667-BD80-5A17F91CE5A4}.Release|x86.ActiveCfg = Release|Any CPU
		{13E57F0E-ECA8-4667-BD80-5A17F91CE5A4}.Release|x86.Build.0 = Release|Any CPU
		{BC617890-B314-4120-BA6D-6AE16AF53821}.C++ Debug-You only need to build this once|Any CPU.ActiveCfg = Debug|Any CPU
		{BC617890-B314-4120-BA6D-6AE16AF53821}.C++ Debug-You only need to build this once|Any CPU.Build.0 = Debug|Any CPU
		{BC617890-B314-4120-BA6D-6AE16AF53821}.C++ Debug-You only need to build this once|x64.ActiveCfg = Debug|Any CPU
		{BC617890-B314-4120-BA6D-6AE16AF53821}.C++ Debug-You only need to build this once|x64.Build.0 = Debug|Any CPU
		{BC617890-B314-4120-BA6D-6AE16AF53821}.C++ Debug-You only need to build this once|x86.ActiveCfg = Debug|Any CPU
		{BC617890-B314-4120-BA6D-6AE16AF53821}.C++ Debug-You only need to build this once|x86.Build.0 = Debug|Any CPU
		{BC617890-B314-4120-BA6D-6AE16AF53821}.C++ Release-You only need to build this once|Any CPU.ActiveCfg = Release|Any CPU
		{BC617890-B314-4120-BA6D-6AE16AF53821}.C++ Release-You only need to build this once|Any CPU.Build.0 = Release|Any CPU
		{BC617890-B314-4120-BA6D-6AE16AF53821}.C++ Release-You only need to build this once|x64.ActiveCfg = Release|Any CPU
		{BC617890-B314-4120-BA6D-6AE16AF53821}.C++ Release-You only need to build this once|x64.Build.0 = Release|Any CPU
		{BC617890-B314-4120-BA6D-6AE16AF53821}.C++ Release-You only need to build this once|x86.ActiveCfg = Release|Any CPU
		{BC617890-B314-4120-BA6D-6AE16AF53821}.C++ Release-You only need to build this once|x86.Build.0 = Release|Any CPU
		{BC617890-B314-4120-BA6D-6AE16AF53821}.Debug|Any CPU.ActiveCfg = Debug|Any CPU
		{BC617890-B314-4120-BA6D-6AE16AF53821}.Debug|Any CPU.Build.0 = Debug|Any CPU
		{BC617890-B314-4120-BA6D-6AE16AF53821}.Debug|x64.ActiveCfg = Debug|Any CPU
		{BC617890-B314-4120-BA6D-6AE16AF53821}.Debug|x64.Build.0 = Debug|Any CPU
		{BC617890-B314-4120-BA6D-6AE16AF53821}.Debug|x86.ActiveCfg = Debug|Any CPU
		{BC617890-B314-4120-BA6D-6AE16AF53821}.Debug|x86.Build.0 = Debug|Any CPU
		{BC617890-B314-4120-BA6D-6AE16AF53821}.Release|Any CPU.ActiveCfg = Release|Any CPU
		{BC617890-B314-4120-BA6D-6AE16AF53821}.Release|Any CPU.Build.0 = Release|Any CPU
		{BC617890-B314-4120-BA6D-6AE16AF53821}.Release|x64.ActiveCfg = Release|Any CPU
		{BC617890-B314-4120-BA6D-6AE16AF53821}.Release|x64.Build.0 = Release|Any CPU
		{BC617890-B314-4120-BA6D-6AE16AF53821}.Release|x86.ActiveCfg = Release|Any CPU
		{BC617890-B314-4120-BA6D-6AE16AF53821}.Release|x86.Build.0 = Release|Any CPU
	EndGlobalSection
	GlobalSection(SolutionProperties) = preSolution
		HideSolutionNode = FALSE
	EndGlobalSection
	GlobalSection(ExtensibilityGlobals) = postSolution
		SolutionGuid = {F09E0D78-6E2B-4436-A403-C3D548B20557}
	EndGlobalSection
EndGlobal
